
Microsoft Visual Studio Solution File, Format Version 12.00
Project("{FAE04EC0-301F-11D3-BF4B-00C04F79EFBC}") = "MyFirstAPI", "MyFirstAPI\MyFirstAPI.csproj", "{D1FD5A87-948B-4C73-BC95-DE4CE4D82E85}"
EndProject
Global
	GlobalSection(SolutionConfigurationPlatforms) = preSolution
		Debug|Any CPU = Debug|Any CPU
		Release|Any CPU = Release|Any CPU
	EndGlobalSection
	GlobalSection(ProjectConfigurationPlatforms) = postSolution
		{D1FD5A87-948B-4C73-BC95-DE4CE4D82E85}.Debug|Any CPU.ActiveCfg = Debug|Any CPU
		{D1FD5A87-948B-4C73-BC95-DE4CE4D82E85}.Debug|Any CPU.Build.0 = Debug|Any CPU
		{D1FD5A87-948B-4C73-BC95-DE4CE4D82E85}.Release|Any CPU.ActiveCfg = Release|Any CPU
		{D1FD5A87-948B-4C73-BC95-DE4CE4D82E85}.Release|Any CPU.Build.0 = Release|Any CPU
	EndGlobalSection
EndGlobal
